
Microsoft Visual Studio Solution File, Format Version 12.00
# Visual Studio Version 16
VisualStudioVersion = 16.0.28803.202
MinimumVisualStudioVersion = 10.0.40219.1
Project("{FAE04EC0-301F-11D3-BF4B-00C04F79EFBC}") = "MyLinq", "MyLinq\MyLinq.csproj", "{033B8AAC-C82B-49F3-BFCF-2B82F6904DAD}"
EndProject
Global
	GlobalSection(SolutionConfigurationPlatforms) = preSolution
		Debug|Any CPU = Debug|Any CPU
		Release|Any CPU = Release|Any CPU
	EndGlobalSection
	GlobalSection(ProjectConfigurationPlatforms) = postSolution
		{033B8AAC-C82B-49F3-BFCF-2B82F6904DAD}.Debug|Any CPU.ActiveCfg = Debug|Any CPU
		{033B8AAC-C82B-49F3-BFCF-2B82F6904DAD}.Debug|Any CPU.Build.0 = Debug|Any CPU
		{033B8AAC-C82B-49F3-BFCF-2B82F6904DAD}.Release|Any CPU.ActiveCfg = Release|Any CPU
		{033B8AAC-C82B-49F3-BFCF-2B82F6904DAD}.Release|Any CPU.Build.0 = Release|Any CPU
	EndGlobalSection
	GlobalSection(SolutionProperties) = preSolution
		HideSolutionNode = FALSE
	EndGlobalSection
	GlobalSection(ExtensibilityGlobals) = postSolution
		SolutionGuid = {C160921C-576A-4F64-A517-100C13157896}
	EndGlobalSection
EndGlobal
